// !$*UTF8*$!
{
	archiveVersion = 1;
	classes = {
	};
	objectVersion = 46;
	objects = {

/* Begin PBXBuildFile section */
		15216DE91F80DD9B000665D6 /* CurrencyDataConvenience.swift in Sources */ = {isa = PBXBuildFile; fileRef = 15216DE81F80DD9B000665D6 /* CurrencyDataConvenience.swift */; };
		15216DEB1F80DDD9000665D6 /* BasketItemDataConvenience.swift in Sources */ = {isa = PBXBuildFile; fileRef = 15216DEA1F80DDD9000665D6 /* BasketItemDataConvenience.swift */; };
		157F5E361F7C391300A68C48 /* AppDelegate.swift in Sources */ = {isa = PBXBuildFile; fileRef = 157F5E351F7C391300A68C48 /* AppDelegate.swift */; };
		157F5E3B1F7C391300A68C48 /* Main.storyboard in Resources */ = {isa = PBXBuildFile; fileRef = 157F5E391F7C391300A68C48 /* Main.storyboard */; };
		157F5E3D1F7C391300A68C48 /* Assets.xcassets in Resources */ = {isa = PBXBuildFile; fileRef = 157F5E3C1F7C391300A68C48 /* Assets.xcassets */; };
		157F5E401F7C391300A68C48 /* LaunchScreen.storyboard in Resources */ = {isa = PBXBuildFile; fileRef = 157F5E3E1F7C391300A68C48 /* LaunchScreen.storyboard */; };
		157F5E681F7C3DBE00A68C48 /* BasketItemTableViewCell.swift in Sources */ = {isa = PBXBuildFile; fileRef = 157F5E671F7C3DBE00A68C48 /* BasketItemTableViewCell.swift */; };
		157F5E6A1F7C48B300A68C48 /* BasketTableViewController.swift in Sources */ = {isa = PBXBuildFile; fileRef = 157F5E691F7C48B300A68C48 /* BasketTableViewController.swift */; };
		157F5E6D1F7C493300A68C48 /* Constants.swift in Sources */ = {isa = PBXBuildFile; fileRef = 157F5E6C1F7C493300A68C48 /* Constants.swift */; };
		15903C361F7FB11E00020D53 /* CurrencyPickerController.swift in Sources */ = {isa = PBXBuildFile; fileRef = 15903C351F7FB11E00020D53 /* CurrencyPickerController.swift */; };
		15E3C9371F7D8911000F1BA8 /* HTTPClient.swift in Sources */ = {isa = PBXBuildFile; fileRef = 15E3C9361F7D8911000F1BA8 /* HTTPClient.swift */; };
		15E3C9391F7D8FB8000F1BA8 /* BasketItem.swift in Sources */ = {isa = PBXBuildFile; fileRef = 15E3C9381F7D8FB8000F1BA8 /* BasketItem.swift */; };
		15E3C93D1F7D9E28000F1BA8 /* StoreClient.swift in Sources */ = {isa = PBXBuildFile; fileRef = 15E3C93C1F7D9E28000F1BA8 /* StoreClient.swift */; };
		15F09DBA1F800B1B00F3BA69 /* CurrencyLayerConvenience.swift in Sources */ = {isa = PBXBuildFile; fileRef = 15F09DB91F800B1B00F3BA69 /* CurrencyLayerConvenience.swift */; };
		15F09DBC1F80396300F3BA69 /* StoreClientConvenience.swift in Sources */ = {isa = PBXBuildFile; fileRef = 15F09DBB1F80396300F3BA69 /* StoreClientConvenience.swift */; };
		15F09DBE1F803CD700F3BA69 /* BasketItemData.swift in Sources */ = {isa = PBXBuildFile; fileRef = 15F09DBD1F803CD700F3BA69 /* BasketItemData.swift */; };
		15F1D6AD1F842D070060629C /* MockBasketItemDataSource.swift in Sources */ = {isa = PBXBuildFile; fileRef = 15F1D6AC1F842D070060629C /* MockBasketItemDataSource.swift */; };
		15F1D6AF1F84398C0060629C /* MockCurrencyDataSource.swift in Sources */ = {isa = PBXBuildFile; fileRef = 15F1D6AE1F84398C0060629C /* MockCurrencyDataSource.swift */; };
		15F1D6B11F843DD10060629C /* CurrencyPickerControllerTests.swift in Sources */ = {isa = PBXBuildFile; fileRef = 15F1D6B01F843DD10060629C /* CurrencyPickerControllerTests.swift */; };
		15F2C3801F8412C80036BC4A /* ApplicationFactory.swift in Sources */ = {isa = PBXBuildFile; fileRef = 15F2C37F1F8412C80036BC4A /* ApplicationFactory.swift */; };
		15F2C3821F8412E50036BC4A /* DataFactory.swift in Sources */ = {isa = PBXBuildFile; fileRef = 15F2C3811F8412E50036BC4A /* DataFactory.swift */; };
		15F2C3841F8412F90036BC4A /* ClientFactory.swift in Sources */ = {isa = PBXBuildFile; fileRef = 15F2C3831F8412F90036BC4A /* ClientFactory.swift */; };
		15F2C3871F842A090036BC4A /* BasketTableViewControllerTests.swift in Sources */ = {isa = PBXBuildFile; fileRef = 15F2C3861F842A090036BC4A /* BasketTableViewControllerTests.swift */; };
		15F304841F7EFB17002C0779 /* CurrencyLayerClient.swift in Sources */ = {isa = PBXBuildFile; fileRef = 15F304831F7EFB17002C0779 /* CurrencyLayerClient.swift */; };
		15F304861F7EFC4C002C0779 /* Currency.swift in Sources */ = {isa = PBXBuildFile; fileRef = 15F304851F7EFC4C002C0779 /* Currency.swift */; };
		15F304881F7EFCA6002C0779 /* CurrencyData.swift in Sources */ = {isa = PBXBuildFile; fileRef = 15F304871F7EFCA6002C0779 /* CurrencyData.swift */; };
		15F3048A1F7EFD92002C0779 /* Utility.swift in Sources */ = {isa = PBXBuildFile; fileRef = 15F304891F7EFD92002C0779 /* Utility.swift */; };
		15F3048C1F7F081C002C0779 /* CheckoutViewController.swift in Sources */ = {isa = PBXBuildFile; fileRef = 15F3048B1F7F081C002C0779 /* CheckoutViewController.swift */; };
		15F39A1B1F86A2A700CDD5C4 /* CurrencyLayerClientTests.swift in Sources */ = {isa = PBXBuildFile; fileRef = 15F39A1A1F86A2A700CDD5C4 /* CurrencyLayerClientTests.swift */; };
		15F39A1D1F86A89800CDD5C4 /* MockURLSessionDataTask.swift in Sources */ = {isa = PBXBuildFile; fileRef = 15F39A1C1F86A89800CDD5C4 /* MockURLSessionDataTask.swift */; };
		15F39A1F1F86C08D00CDD5C4 /* HTTPClientTests.swift in Sources */ = {isa = PBXBuildFile; fileRef = 15F39A1E1F86C08D00CDD5C4 /* HTTPClientTests.swift */; };
		15F39A211F86DA9C00CDD5C4 /* StoreClientTests.swift in Sources */ = {isa = PBXBuildFile; fileRef = 15F39A201F86DA9C00CDD5C4 /* StoreClientTests.swift */; };
		15F3E5131F85664B008D6BEA /* CheckoutViewControllerTests.swift in Sources */ = {isa = PBXBuildFile; fileRef = 15F3E5121F85664B008D6BEA /* CheckoutViewControllerTests.swift */; };
		15F3E5151F856779008D6BEA /* MockCurrencyLayerClientAPI.swift in Sources */ = {isa = PBXBuildFile; fileRef = 15F3E5141F856779008D6BEA /* MockCurrencyLayerClientAPI.swift */; };
		15F3E5181F858FBD008D6BEA /* BasketItemTableViewControllerUITests.swift in Sources */ = {isa = PBXBuildFile; fileRef = 15F3E5171F858FBD008D6BEA /* BasketItemTableViewControllerUITests.swift */; };
		15F7A69C1F86592E00D09AD4 /* MockURLSession.swift in Sources */ = {isa = PBXBuildFile; fileRef = 15F7A69B1F86592E00D09AD4 /* MockURLSession.swift */; };
/* End PBXBuildFile section */

/* Begin PBXContainerItemProxy section */
		157F5E471F7C391400A68C48 /* PBXContainerItemProxy */ = {
			isa = PBXContainerItemProxy;
			containerPortal = 157F5E2A1F7C391300A68C48 /* Project object */;
			proxyType = 1;
			remoteGlobalIDString = 157F5E311F7C391300A68C48;
			remoteInfo = BasketEvaluator;
		};
		157F5E521F7C391400A68C48 /* PBXContainerItemProxy */ = {
			isa = PBXContainerItemProxy;
			containerPortal = 157F5E2A1F7C391300A68C48 /* Project object */;
			proxyType = 1;
			remoteGlobalIDString = 157F5E311F7C391300A68C48;
			remoteInfo = BasketEvaluator;
		};
/* End PBXContainerItemProxy section */

/* Begin PBXFileReference section */
		15216DE81F80DD9B000665D6 /* CurrencyDataConvenience.swift */ = {isa = PBXFileReference; fileEncoding = 4; lastKnownFileType = sourcecode.swift; name = CurrencyDataConvenience.swift; path = Model/CurrencyDataConvenience.swift; sourceTree = "<group>"; };
		15216DEA1F80DDD9000665D6 /* BasketItemDataConvenience.swift */ = {isa = PBXFileReference; fileEncoding = 4; lastKnownFileType = sourcecode.swift; name = BasketItemDataConvenience.swift; path = Model/BasketItemDataConvenience.swift; sourceTree = "<group>"; };
		157F5E321F7C391300A68C48 /* BasketEvaluator.app */ = {isa = PBXFileReference; explicitFileType = wrapper.application; includeInIndex = 0; path = BasketEvaluator.app; sourceTree = BUILT_PRODUCTS_DIR; };
		157F5E351F7C391300A68C48 /* AppDelegate.swift */ = {isa = PBXFileReference; lastKnownFileType = sourcecode.swift; path = AppDelegate.swift; sourceTree = "<group>"; };
		157F5E3A1F7C391300A68C48 /* Base */ = {isa = PBXFileReference; lastKnownFileType = file.storyboard; name = Base; path = Base.lproj/Main.storyboard; sourceTree = "<group>"; };
		157F5E3C1F7C391300A68C48 /* Assets.xcassets */ = {isa = PBXFileReference; lastKnownFileType = folder.assetcatalog; path = Assets.xcassets; sourceTree = "<group>"; };
		157F5E3F1F7C391300A68C48 /* Base */ = {isa = PBXFileReference; lastKnownFileType = file.storyboard; name = Base; path = Base.lproj/LaunchScreen.storyboard; sourceTree = "<group>"; };
		157F5E411F7C391300A68C48 /* Info.plist */ = {isa = PBXFileReference; lastKnownFileType = text.plist.xml; path = Info.plist; sourceTree = "<group>"; };
		157F5E461F7C391400A68C48 /* BasketEvaluatorTests.xctest */ = {isa = PBXFileReference; explicitFileType = wrapper.cfbundle; includeInIndex = 0; path = BasketEvaluatorTests.xctest; sourceTree = BUILT_PRODUCTS_DIR; };
		157F5E4C1F7C391400A68C48 /* Info.plist */ = {isa = PBXFileReference; lastKnownFileType = text.plist.xml; path = Info.plist; sourceTree = "<group>"; };
		157F5E511F7C391400A68C48 /* BasketEvaluatorUITests.xctest */ = {isa = PBXFileReference; explicitFileType = wrapper.cfbundle; includeInIndex = 0; path = BasketEvaluatorUITests.xctest; sourceTree = BUILT_PRODUCTS_DIR; };
		157F5E571F7C391400A68C48 /* Info.plist */ = {isa = PBXFileReference; lastKnownFileType = text.plist.xml; path = Info.plist; sourceTree = "<group>"; };
		157F5E671F7C3DBE00A68C48 /* BasketItemTableViewCell.swift */ = {isa = PBXFileReference; fileEncoding = 4; lastKnownFileType = sourcecode.swift; name = BasketItemTableViewCell.swift; path = View/BasketItemTableViewCell.swift; sourceTree = "<group>"; };
		157F5E691F7C48B300A68C48 /* BasketTableViewController.swift */ = {isa = PBXFileReference; fileEncoding = 4; lastKnownFileType = sourcecode.swift; name = BasketTableViewController.swift; path = Controller/BasketTableViewController.swift; sourceTree = "<group>"; };
		157F5E6C1F7C493300A68C48 /* Constants.swift */ = {isa = PBXFileReference; fileEncoding = 4; lastKnownFileType = sourcecode.swift; name = Constants.swift; path = "Supporting Files/Constants.swift"; sourceTree = "<group>"; };
		15903C351F7FB11E00020D53 /* CurrencyPickerController.swift */ = {isa = PBXFileReference; fileEncoding = 4; lastKnownFileType = sourcecode.swift; name = CurrencyPickerController.swift; path = Controller/CurrencyPickerController.swift; sourceTree = "<group>"; };
		15E3C9361F7D8911000F1BA8 /* HTTPClient.swift */ = {isa = PBXFileReference; fileEncoding = 4; lastKnownFileType = sourcecode.swift; name = HTTPClient.swift; path = Model/Client/HTTPClient.swift; sourceTree = "<group>"; };
		15E3C9381F7D8FB8000F1BA8 /* BasketItem.swift */ = {isa = PBXFileReference; fileEncoding = 4; lastKnownFileType = sourcecode.swift; name = BasketItem.swift; path = Model/BasketItem.swift; sourceTree = "<group>"; };
		15E3C93C1F7D9E28000F1BA8 /* StoreClient.swift */ = {isa = PBXFileReference; fileEncoding = 4; lastKnownFileType = sourcecode.swift; name = StoreClient.swift; path = Model/Client/StoreClient.swift; sourceTree = "<group>"; };
		15F09DB91F800B1B00F3BA69 /* CurrencyLayerConvenience.swift */ = {isa = PBXFileReference; fileEncoding = 4; lastKnownFileType = sourcecode.swift; name = CurrencyLayerConvenience.swift; path = Model/Client/CurrencyLayerConvenience.swift; sourceTree = "<group>"; };
		15F09DBB1F80396300F3BA69 /* StoreClientConvenience.swift */ = {isa = PBXFileReference; fileEncoding = 4; lastKnownFileType = sourcecode.swift; name = StoreClientConvenience.swift; path = Model/Client/StoreClientConvenience.swift; sourceTree = "<group>"; };
		15F09DBD1F803CD700F3BA69 /* BasketItemData.swift */ = {isa = PBXFileReference; fileEncoding = 4; lastKnownFileType = sourcecode.swift; name = BasketItemData.swift; path = Model/BasketItemData.swift; sourceTree = "<group>"; };
		15F1D6AC1F842D070060629C /* MockBasketItemDataSource.swift */ = {isa = PBXFileReference; fileEncoding = 4; lastKnownFileType = sourcecode.swift; name = MockBasketItemDataSource.swift; path = Mock/MockBasketItemDataSource.swift; sourceTree = "<group>"; };
		15F1D6AE1F84398C0060629C /* MockCurrencyDataSource.swift */ = {isa = PBXFileReference; fileEncoding = 4; lastKnownFileType = sourcecode.swift; name = MockCurrencyDataSource.swift; path = Mock/MockCurrencyDataSource.swift; sourceTree = "<group>"; };
		15F1D6B01F843DD10060629C /* CurrencyPickerControllerTests.swift */ = {isa = PBXFileReference; fileEncoding = 4; lastKnownFileType = sourcecode.swift; name = CurrencyPickerControllerTests.swift; path = Controller/CurrencyPickerControllerTests.swift; sourceTree = "<group>"; };
		15F2C37F1F8412C80036BC4A /* ApplicationFactory.swift */ = {isa = PBXFileReference; fileEncoding = 4; lastKnownFileType = sourcecode.swift; name = ApplicationFactory.swift; path = Factory/ApplicationFactory.swift; sourceTree = "<group>"; };
		15F2C3811F8412E50036BC4A /* DataFactory.swift */ = {isa = PBXFileReference; fileEncoding = 4; lastKnownFileType = sourcecode.swift; name = DataFactory.swift; path = Factory/DataFactory.swift; sourceTree = "<group>"; };
		15F2C3831F8412F90036BC4A /* ClientFactory.swift */ = {isa = PBXFileReference; fileEncoding = 4; lastKnownFileType = sourcecode.swift; name = ClientFactory.swift; path = Factory/ClientFactory.swift; sourceTree = "<group>"; };
		15F2C3861F842A090036BC4A /* BasketTableViewControllerTests.swift */ = {isa = PBXFileReference; fileEncoding = 4; lastKnownFileType = sourcecode.swift; name = BasketTableViewControllerTests.swift; path = Controller/BasketTableViewControllerTests.swift; sourceTree = "<group>"; };
		15F304831F7EFB17002C0779 /* CurrencyLayerClient.swift */ = {isa = PBXFileReference; fileEncoding = 4; lastKnownFileType = sourcecode.swift; name = CurrencyLayerClient.swift; path = Model/Client/CurrencyLayerClient.swift; sourceTree = "<group>"; };
		15F304851F7EFC4C002C0779 /* Currency.swift */ = {isa = PBXFileReference; fileEncoding = 4; lastKnownFileType = sourcecode.swift; name = Currency.swift; path = Model/Currency.swift; sourceTree = "<group>"; };
		15F304871F7EFCA6002C0779 /* CurrencyData.swift */ = {isa = PBXFileReference; fileEncoding = 4; lastKnownFileType = sourcecode.swift; name = CurrencyData.swift; path = Model/CurrencyData.swift; sourceTree = "<group>"; };
		15F304891F7EFD92002C0779 /* Utility.swift */ = {isa = PBXFileReference; fileEncoding = 4; lastKnownFileType = sourcecode.swift; name = Utility.swift; path = "Supporting Files/Utility.swift"; sourceTree = "<group>"; };
		15F3048B1F7F081C002C0779 /* CheckoutViewController.swift */ = {isa = PBXFileReference; fileEncoding = 4; lastKnownFileType = sourcecode.swift; name = CheckoutViewController.swift; path = Controller/CheckoutViewController.swift; sourceTree = "<group>"; };
		15F39A1A1F86A2A700CDD5C4 /* CurrencyLayerClientTests.swift */ = {isa = PBXFileReference; fileEncoding = 4; lastKnownFileType = sourcecode.swift; name = CurrencyLayerClientTests.swift; path = Model/Client/CurrencyLayerClientTests.swift; sourceTree = "<group>"; };
		15F39A1C1F86A89800CDD5C4 /* MockURLSessionDataTask.swift */ = {isa = PBXFileReference; fileEncoding = 4; lastKnownFileType = sourcecode.swift; name = MockURLSessionDataTask.swift; path = Mock/MockURLSessionDataTask.swift; sourceTree = "<group>"; };
		15F39A1E1F86C08D00CDD5C4 /* HTTPClientTests.swift */ = {isa = PBXFileReference; fileEncoding = 4; lastKnownFileType = sourcecode.swift; name = HTTPClientTests.swift; path = Model/Client/HTTPClientTests.swift; sourceTree = "<group>"; };
		15F39A201F86DA9C00CDD5C4 /* StoreClientTests.swift */ = {isa = PBXFileReference; fileEncoding = 4; lastKnownFileType = sourcecode.swift; name = StoreClientTests.swift; path = Model/Client/StoreClientTests.swift; sourceTree = "<group>"; };
		15F3E5121F85664B008D6BEA /* CheckoutViewControllerTests.swift */ = {isa = PBXFileReference; fileEncoding = 4; lastKnownFileType = sourcecode.swift; name = CheckoutViewControllerTests.swift; path = Controller/CheckoutViewControllerTests.swift; sourceTree = "<group>"; };
		15F3E5141F856779008D6BEA /* MockCurrencyLayerClientAPI.swift */ = {isa = PBXFileReference; fileEncoding = 4; lastKnownFileType = sourcecode.swift; name = MockCurrencyLayerClientAPI.swift; path = Mock/MockCurrencyLayerClientAPI.swift; sourceTree = "<group>"; };
		15F3E5171F858FBD008D6BEA /* BasketItemTableViewControllerUITests.swift */ = {isa = PBXFileReference; fileEncoding = 4; lastKnownFileType = sourcecode.swift; name = BasketItemTableViewControllerUITests.swift; path = Controller/BasketItemTableViewControllerUITests.swift; sourceTree = "<group>"; };
		15F7A69B1F86592E00D09AD4 /* MockURLSession.swift */ = {isa = PBXFileReference; fileEncoding = 4; lastKnownFileType = sourcecode.swift; name = MockURLSession.swift; path = Mock/MockURLSession.swift; sourceTree = "<group>"; };
/* End PBXFileReference section */

/* Begin PBXFrameworksBuildPhase section */
		157F5E2F1F7C391300A68C48 /* Frameworks */ = {
			isa = PBXFrameworksBuildPhase;
			buildActionMask = 2147483647;
			files = (
			);
			runOnlyForDeploymentPostprocessing = 0;
		};
		157F5E431F7C391400A68C48 /* Frameworks */ = {
			isa = PBXFrameworksBuildPhase;
			buildActionMask = 2147483647;
			files = (
			);
			runOnlyForDeploymentPostprocessing = 0;
		};
		157F5E4E1F7C391400A68C48 /* Frameworks */ = {
			isa = PBXFrameworksBuildPhase;
			buildActionMask = 2147483647;
			files = (
			);
			runOnlyForDeploymentPostprocessing = 0;
		};
/* End PBXFrameworksBuildPhase section */

/* Begin PBXGroup section */
		15216DEC1F80EA12000665D6 /* Currency */ = {
			isa = PBXGroup;
			children = (
				15F304851F7EFC4C002C0779 /* Currency.swift */,
				15F304871F7EFCA6002C0779 /* CurrencyData.swift */,
				15216DE81F80DD9B000665D6 /* CurrencyDataConvenience.swift */,
			);
			name = Currency;
			sourceTree = "<group>";
		};
		15216DED1F80EA25000665D6 /* BasketItem */ = {
			isa = PBXGroup;
			children = (
				15E3C9381F7D8FB8000F1BA8 /* BasketItem.swift */,
				15F09DBD1F803CD700F3BA69 /* BasketItemData.swift */,
				15216DEA1F80DDD9000665D6 /* BasketItemDataConvenience.swift */,
			);
			name = BasketItem;
			sourceTree = "<group>";
		};
		157F5E291F7C391300A68C48 = {
			isa = PBXGroup;
			children = (
				157F5E341F7C391300A68C48 /* BasketEvaluator */,
				157F5E491F7C391400A68C48 /* BasketEvaluatorTests */,
				157F5E541F7C391400A68C48 /* BasketEvaluatorUITests */,
				157F5E331F7C391300A68C48 /* Products */,
			);
			sourceTree = "<group>";
		};
		157F5E331F7C391300A68C48 /* Products */ = {
			isa = PBXGroup;
			children = (
				157F5E321F7C391300A68C48 /* BasketEvaluator.app */,
				157F5E461F7C391400A68C48 /* BasketEvaluatorTests.xctest */,
				157F5E511F7C391400A68C48 /* BasketEvaluatorUITests.xctest */,
			);
			name = Products;
			sourceTree = "<group>";
		};
		157F5E341F7C391300A68C48 /* BasketEvaluator */ = {
			isa = PBXGroup;
			children = (
				157F5E6B1F7C48C300A68C48 /* Supporting Files */,
				157F5E651F7C3D6700A68C48 /* Controller */,
				157F5E641F7C3D6200A68C48 /* View */,
				157F5E631F7C3D5800A68C48 /* Model */,
				15F2C37C1F8412920036BC4A /* Factory */,
			);
			path = BasketEvaluator;
			sourceTree = "<group>";
		};
		157F5E491F7C391400A68C48 /* BasketEvaluatorTests */ = {
			isa = PBXGroup;
			children = (
				15F1D6AB1F842CC40060629C /* Mock */,
				15F2C3851F8429CC0036BC4A /* Controller */,
				15F7A6991F8655D300D09AD4 /* Model */,
				157F5E4C1F7C391400A68C48 /* Info.plist */,
			);
			path = BasketEvaluatorTests;
			sourceTree = "<group>";
		};
		157F5E541F7C391400A68C48 /* BasketEvaluatorUITests */ = {
			isa = PBXGroup;
			children = (
				15F3E5161F858F91008D6BEA /* Controller */,
				157F5E571F7C391400A68C48 /* Info.plist */,
			);
			path = BasketEvaluatorUITests;
			sourceTree = "<group>";
		};
		157F5E631F7C3D5800A68C48 /* Model */ = {
			isa = PBXGroup;
			children = (
				15216DEC1F80EA12000665D6 /* Currency */,
				15216DED1F80EA25000665D6 /* BasketItem */,
				157F5E661F7C3D8200A68C48 /* Client */,
			);
			name = Model;
			sourceTree = "<group>";
		};
		157F5E641F7C3D6200A68C48 /* View */ = {
			isa = PBXGroup;
			children = (
				157F5E671F7C3DBE00A68C48 /* BasketItemTableViewCell.swift */,
			);
			name = View;
			sourceTree = "<group>";
		};
		157F5E651F7C3D6700A68C48 /* Controller */ = {
			isa = PBXGroup;
			children = (
				157F5E691F7C48B300A68C48 /* BasketTableViewController.swift */,
				15F3048B1F7F081C002C0779 /* CheckoutViewController.swift */,
				15903C351F7FB11E00020D53 /* CurrencyPickerController.swift */,
			);
			name = Controller;
			sourceTree = "<group>";
		};
		157F5E661F7C3D8200A68C48 /* Client */ = {
			isa = PBXGroup;
			children = (
				15E3C9361F7D8911000F1BA8 /* HTTPClient.swift */,
				15E3C93C1F7D9E28000F1BA8 /* StoreClient.swift */,
				15F09DBB1F80396300F3BA69 /* StoreClientConvenience.swift */,
				15F304831F7EFB17002C0779 /* CurrencyLayerClient.swift */,
				15F09DB91F800B1B00F3BA69 /* CurrencyLayerConvenience.swift */,
			);
			name = Client;
			sourceTree = "<group>";
		};
		157F5E6B1F7C48C300A68C48 /* Supporting Files */ = {
			isa = PBXGroup;
			children = (
				157F5E351F7C391300A68C48 /* AppDelegate.swift */,
				157F5E3C1F7C391300A68C48 /* Assets.xcassets */,
				157F5E3E1F7C391300A68C48 /* LaunchScreen.storyboard */,
				157F5E411F7C391300A68C48 /* Info.plist */,
				157F5E391F7C391300A68C48 /* Main.storyboard */,
				157F5E6C1F7C493300A68C48 /* Constants.swift */,
				15F304891F7EFD92002C0779 /* Utility.swift */,
			);
			name = "Supporting Files";
			sourceTree = "<group>";
		};
		15F1D6AB1F842CC40060629C /* Mock */ = {
			isa = PBXGroup;
			children = (
				15F1D6AC1F842D070060629C /* MockBasketItemDataSource.swift */,
				15F1D6AE1F84398C0060629C /* MockCurrencyDataSource.swift */,
				15F3E5141F856779008D6BEA /* MockCurrencyLayerClientAPI.swift */,
				15F7A69B1F86592E00D09AD4 /* MockURLSession.swift */,
				15F39A1C1F86A89800CDD5C4 /* MockURLSessionDataTask.swift */,
			);
			name = Mock;
			sourceTree = "<group>";
		};
		15F2C37C1F8412920036BC4A /* Factory */ = {
			isa = PBXGroup;
			children = (
				15F2C37F1F8412C80036BC4A /* ApplicationFactory.swift */,
				15F2C3811F8412E50036BC4A /* DataFactory.swift */,
				15F2C3831F8412F90036BC4A /* ClientFactory.swift */,
			);
			name = Factory;
			sourceTree = "<group>";
		};
		15F2C3851F8429CC0036BC4A /* Controller */ = {
			isa = PBXGroup;
			children = (
				15F3E5121F85664B008D6BEA /* CheckoutViewControllerTests.swift */,
				15F2C3861F842A090036BC4A /* BasketTableViewControllerTests.swift */,
				15F1D6B01F843DD10060629C /* CurrencyPickerControllerTests.swift */,
			);
			name = Controller;
			sourceTree = "<group>";
		};
		15F3E5161F858F91008D6BEA /* Controller */ = {
			isa = PBXGroup;
			children = (
				15F3E5171F858FBD008D6BEA /* BasketItemTableViewControllerUITests.swift */,
			);
			name = Controller;
			sourceTree = "<group>";
		};
		15F7A6991F8655D300D09AD4 /* Model */ = {
			isa = PBXGroup;
			children = (
				15F7A69A1F8655DC00D09AD4 /* Client */,
			);
			name = Model;
			sourceTree = "<group>";
		};
		15F7A69A1F8655DC00D09AD4 /* Client */ = {
			isa = PBXGroup;
			children = (
				15F39A1E1F86C08D00CDD5C4 /* HTTPClientTests.swift */,
				15F39A1A1F86A2A700CDD5C4 /* CurrencyLayerClientTests.swift */,
				15F39A201F86DA9C00CDD5C4 /* StoreClientTests.swift */,
			);
			name = Client;
			sourceTree = "<group>";
		};
/* End PBXGroup section */

/* Begin PBXNativeTarget section */
		157F5E311F7C391300A68C48 /* BasketEvaluator */ = {
			isa = PBXNativeTarget;
			buildConfigurationList = 157F5E5A1F7C391400A68C48 /* Build configuration list for PBXNativeTarget "BasketEvaluator" */;
			buildPhases = (
				157F5E2E1F7C391300A68C48 /* Sources */,
				157F5E2F1F7C391300A68C48 /* Frameworks */,
				157F5E301F7C391300A68C48 /* Resources */,
			);
			buildRules = (
			);
			dependencies = (
			);
			name = BasketEvaluator;
			productName = BasketEvaluator;
			productReference = 157F5E321F7C391300A68C48 /* BasketEvaluator.app */;
			productType = "com.apple.product-type.application";
		};
		157F5E451F7C391400A68C48 /* BasketEvaluatorTests */ = {
			isa = PBXNativeTarget;
			buildConfigurationList = 157F5E5D1F7C391400A68C48 /* Build configuration list for PBXNativeTarget "BasketEvaluatorTests" */;
			buildPhases = (
				157F5E421F7C391400A68C48 /* Sources */,
				157F5E431F7C391400A68C48 /* Frameworks */,
				157F5E441F7C391400A68C48 /* Resources */,
			);
			buildRules = (
			);
			dependencies = (
				157F5E481F7C391400A68C48 /* PBXTargetDependency */,
			);
			name = BasketEvaluatorTests;
			productName = BasketEvaluatorTests;
			productReference = 157F5E461F7C391400A68C48 /* BasketEvaluatorTests.xctest */;
			productType = "com.apple.product-type.bundle.unit-test";
		};
		157F5E501F7C391400A68C48 /* BasketEvaluatorUITests */ = {
			isa = PBXNativeTarget;
			buildConfigurationList = 157F5E601F7C391400A68C48 /* Build configuration list for PBXNativeTarget "BasketEvaluatorUITests" */;
			buildPhases = (
				157F5E4D1F7C391400A68C48 /* Sources */,
				157F5E4E1F7C391400A68C48 /* Frameworks */,
				157F5E4F1F7C391400A68C48 /* Resources */,
			);
			buildRules = (
			);
			dependencies = (
				157F5E531F7C391400A68C48 /* PBXTargetDependency */,
			);
			name = BasketEvaluatorUITests;
			productName = BasketEvaluatorUITests;
			productReference = 157F5E511F7C391400A68C48 /* BasketEvaluatorUITests.xctest */;
			productType = "com.apple.product-type.bundle.ui-testing";
		};
/* End PBXNativeTarget section */

/* Begin PBXProject section */
		157F5E2A1F7C391300A68C48 /* Project object */ = {
			isa = PBXProject;
			attributes = {
				LastSwiftUpdateCheck = 0830;
				LastUpgradeCheck = 0830;
				ORGANIZATIONNAME = Michelangelo;
				TargetAttributes = {
					157F5E311F7C391300A68C48 = {
						CreatedOnToolsVersion = 8.3.3;
						DevelopmentTeam = AUFQ3J8C8H;
						ProvisioningStyle = Automatic;
					};
					157F5E451F7C391400A68C48 = {
						CreatedOnToolsVersion = 8.3.3;
						DevelopmentTeam = AUFQ3J8C8H;
						ProvisioningStyle = Automatic;
						TestTargetID = 157F5E311F7C391300A68C48;
					};
					157F5E501F7C391400A68C48 = {
						CreatedOnToolsVersion = 8.3.3;
						DevelopmentTeam = AUFQ3J8C8H;
						ProvisioningStyle = Automatic;
						TestTargetID = 157F5E311F7C391300A68C48;
					};
				};
			};
			buildConfigurationList = 157F5E2D1F7C391300A68C48 /* Build configuration list for PBXProject "BasketEvaluator" */;
			compatibilityVersion = "Xcode 3.2";
			developmentRegion = English;
			hasScannedForEncodings = 0;
			knownRegions = (
				en,
				Base,
			);
			mainGroup = 157F5E291F7C391300A68C48;
			productRefGroup = 157F5E331F7C391300A68C48 /* Products */;
			projectDirPath = "";
			projectRoot = "";
			targets = (
				157F5E311F7C391300A68C48 /* BasketEvaluator */,
				157F5E451F7C391400A68C48 /* BasketEvaluatorTests */,
				157F5E501F7C391400A68C48 /* BasketEvaluatorUITests */,
			);
		};
/* End PBXProject section */

/* Begin PBXResourcesBuildPhase section */
		157F5E301F7C391300A68C48 /* Resources */ = {
			isa = PBXResourcesBuildPhase;
			buildActionMask = 2147483647;
			files = (
				157F5E401F7C391300A68C48 /* LaunchScreen.storyboard in Resources */,
				157F5E3D1F7C391300A68C48 /* Assets.xcassets in Resources */,
				157F5E3B1F7C391300A68C48 /* Main.storyboard in Resources */,
			);
			runOnlyForDeploymentPostprocessing = 0;
		};
		157F5E441F7C391400A68C48 /* Resources */ = {
			isa = PBXResourcesBuildPhase;
			buildActionMask = 2147483647;
			files = (
			);
			runOnlyForDeploymentPostprocessing = 0;
		};
		157F5E4F1F7C391400A68C48 /* Resources */ = {
			isa = PBXResourcesBuildPhase;
			buildActionMask = 2147483647;
			files = (
			);
			runOnlyForDeploymentPostprocessing = 0;
		};
/* End PBXResourcesBuildPhase section */

/* Begin PBXSourcesBuildPhase section */
		157F5E2E1F7C391300A68C48 /* Sources */ = {
			isa = PBXSourcesBuildPhase;
			buildActionMask = 2147483647;
			files = (
				15F09DBC1F80396300F3BA69 /* StoreClientConvenience.swift in Sources */,
				15E3C93D1F7D9E28000F1BA8 /* StoreClient.swift in Sources */,
				15216DE91F80DD9B000665D6 /* CurrencyDataConvenience.swift in Sources */,
				15F09DBE1F803CD700F3BA69 /* BasketItemData.swift in Sources */,
				15F3048C1F7F081C002C0779 /* CheckoutViewController.swift in Sources */,
				157F5E681F7C3DBE00A68C48 /* BasketItemTableViewCell.swift in Sources */,
				15F2C3841F8412F90036BC4A /* ClientFactory.swift in Sources */,
				15E3C9371F7D8911000F1BA8 /* HTTPClient.swift in Sources */,
				15E3C9391F7D8FB8000F1BA8 /* BasketItem.swift in Sources */,
				15F304841F7EFB17002C0779 /* CurrencyLayerClient.swift in Sources */,
				15F304861F7EFC4C002C0779 /* Currency.swift in Sources */,
				157F5E361F7C391300A68C48 /* AppDelegate.swift in Sources */,
				15F3048A1F7EFD92002C0779 /* Utility.swift in Sources */,
				157F5E6A1F7C48B300A68C48 /* BasketTableViewController.swift in Sources */,
				15F304881F7EFCA6002C0779 /* CurrencyData.swift in Sources */,
				157F5E6D1F7C493300A68C48 /* Constants.swift in Sources */,
				15F09DBA1F800B1B00F3BA69 /* CurrencyLayerConvenience.swift in Sources */,
				15F2C3821F8412E50036BC4A /* DataFactory.swift in Sources */,
				15F2C3801F8412C80036BC4A /* ApplicationFactory.swift in Sources */,
				15216DEB1F80DDD9000665D6 /* BasketItemDataConvenience.swift in Sources */,
				15903C361F7FB11E00020D53 /* CurrencyPickerController.swift in Sources */,
			);
			runOnlyForDeploymentPostprocessing = 0;
		};
		157F5E421F7C391400A68C48 /* Sources */ = {
			isa = PBXSourcesBuildPhase;
			buildActionMask = 2147483647;
			files = (
				15F39A1F1F86C08D00CDD5C4 /* HTTPClientTests.swift in Sources */,
				15F2C3871F842A090036BC4A /* BasketTableViewControllerTests.swift in Sources */,
				15F1D6AD1F842D070060629C /* MockBasketItemDataSource.swift in Sources */,
				15F3E5131F85664B008D6BEA /* CheckoutViewControllerTests.swift in Sources */,
				15F1D6B11F843DD10060629C /* CurrencyPickerControllerTests.swift in Sources */,
				15F39A211F86DA9C00CDD5C4 /* StoreClientTests.swift in Sources */,
				15F7A69C1F86592E00D09AD4 /* MockURLSession.swift in Sources */,
				15F3E5151F856779008D6BEA /* MockCurrencyLayerClientAPI.swift in Sources */,
				15F39A1D1F86A89800CDD5C4 /* MockURLSessionDataTask.swift in Sources */,
				15F1D6AF1F84398C0060629C /* MockCurrencyDataSource.swift in Sources */,
				15F39A1B1F86A2A700CDD5C4 /* CurrencyLayerClientTests.swift in Sources */,
			);
			runOnlyForDeploymentPostprocessing = 0;
		};
		157F5E4D1F7C391400A68C48 /* Sources */ = {
			isa = PBXSourcesBuildPhase;
			buildActionMask = 2147483647;
			files = (
				15F3E5181F858FBD008D6BEA /* BasketItemTableViewControllerUITests.swift in Sources */,
			);
			runOnlyForDeploymentPostprocessing = 0;
		};
/* End PBXSourcesBuildPhase section */

/* Begin PBXTargetDependency section */
		157F5E481F7C391400A68C48 /* PBXTargetDependency */ = {
			isa = PBXTargetDependency;
			target = 157F5E311F7C391300A68C48 /* BasketEvaluator */;
			targetProxy = 157F5E471F7C391400A68C48 /* PBXContainerItemProxy */;
		};
		157F5E531F7C391400A68C48 /* PBXTargetDependency */ = {
			isa = PBXTargetDependency;
			target = 157F5E311F7C391300A68C48 /* BasketEvaluator */;
			targetProxy = 157F5E521F7C391400A68C48 /* PBXContainerItemProxy */;
		};
/* End PBXTargetDependency section */

/* Begin PBXVariantGroup section */
		157F5E391F7C391300A68C48 /* Main.storyboard */ = {
			isa = PBXVariantGroup;
			children = (
				157F5E3A1F7C391300A68C48 /* Base */,
			);
			name = Main.storyboard;
			sourceTree = "<group>";
		};
		157F5E3E1F7C391300A68C48 /* LaunchScreen.storyboard */ = {
			isa = PBXVariantGroup;
			children = (
				157F5E3F1F7C391300A68C48 /* Base */,
			);
			name = LaunchScreen.storyboard;
			sourceTree = "<group>";
		};
/* End PBXVariantGroup section */

/* Begin XCBuildConfiguration section */
		157F5E581F7C391400A68C48 /* Debug */ = {
			isa = XCBuildConfiguration;
			buildSettings = {
				ALWAYS_SEARCH_USER_PATHS = NO;
				CLANG_ANALYZER_NONNULL = YES;
				CLANG_ANALYZER_NUMBER_OBJECT_CONVERSION = YES_AGGRESSIVE;
				CLANG_CXX_LANGUAGE_STANDARD = "gnu++0x";
				CLANG_CXX_LIBRARY = "libc++";
				CLANG_ENABLE_MODULES = YES;
				CLANG_ENABLE_OBJC_ARC = YES;
				CLANG_WARN_BOOL_CONVERSION = YES;
				CLANG_WARN_CONSTANT_CONVERSION = YES;
				CLANG_WARN_DIRECT_OBJC_ISA_USAGE = YES_ERROR;
				CLANG_WARN_DOCUMENTATION_COMMENTS = YES;
				CLANG_WARN_EMPTY_BODY = YES;
				CLANG_WARN_ENUM_CONVERSION = YES;
				CLANG_WARN_INFINITE_RECURSION = YES;
				CLANG_WARN_INT_CONVERSION = YES;
				CLANG_WARN_OBJC_ROOT_CLASS = YES_ERROR;
				CLANG_WARN_SUSPICIOUS_MOVE = YES;
				CLANG_WARN_UNREACHABLE_CODE = YES;
				CLANG_WARN__DUPLICATE_METHOD_MATCH = YES;
				"CODE_SIGN_IDENTITY[sdk=iphoneos*]" = "iPhone Developer";
				COPY_PHASE_STRIP = NO;
				DEBUG_INFORMATION_FORMAT = dwarf;
				ENABLE_STRICT_OBJC_MSGSEND = YES;
				ENABLE_TESTABILITY = YES;
				GCC_C_LANGUAGE_STANDARD = gnu99;
				GCC_DYNAMIC_NO_PIC = NO;
				GCC_NO_COMMON_BLOCKS = YES;
				GCC_OPTIMIZATION_LEVEL = 0;
				GCC_PREPROCESSOR_DEFINITIONS = (
					"DEBUG=1",
					"$(inherited)",
				);
				GCC_WARN_64_TO_32_BIT_CONVERSION = YES;
				GCC_WARN_ABOUT_RETURN_TYPE = YES_ERROR;
				GCC_WARN_UNDECLARED_SELECTOR = YES;
				GCC_WARN_UNINITIALIZED_AUTOS = YES_AGGRESSIVE;
				GCC_WARN_UNUSED_FUNCTION = YES;
				GCC_WARN_UNUSED_VARIABLE = YES;
				IPHONEOS_DEPLOYMENT_TARGET = 10.3;
				MTL_ENABLE_DEBUG_INFO = YES;
				ONLY_ACTIVE_ARCH = YES;
				SDKROOT = iphoneos;
				SWIFT_ACTIVE_COMPILATION_CONDITIONS = DEBUG;
				SWIFT_OPTIMIZATION_LEVEL = "-Onone";
				TARGETED_DEVICE_FAMILY = "1,2";
			};
			name = Debug;
		};
		157F5E591F7C391400A68C48 /* Release */ = {
			isa = XCBuildConfiguration;
			buildSettings = {
				ALWAYS_SEARCH_USER_PATHS = NO;
				CLANG_ANALYZER_NONNULL = YES;
				CLANG_ANALYZER_NUMBER_OBJECT_CONVERSION = YES_AGGRESSIVE;
				CLANG_CXX_LANGUAGE_STANDARD = "gnu++0x";
				CLANG_CXX_LIBRARY = "libc++";
				CLANG_ENABLE_MODULES = YES;
				CLANG_ENABLE_OBJC_ARC = YES;
				CLANG_WARN_BOOL_CONVERSION = YES;
				CLANG_WARN_CONSTANT_CONVERSION = YES;
				CLANG_WARN_DIRECT_OBJC_ISA_USAGE = YES_ERROR;
				CLANG_WARN_DOCUMENTATION_COMMENTS = YES;
				CLANG_WARN_EMPTY_BODY = YES;
				CLANG_WARN_ENUM_CONVERSION = YES;
				CLANG_WARN_INFINITE_RECURSION = YES;
				CLANG_WARN_INT_CONVERSION = YES;
				CLANG_WARN_OBJC_ROOT_CLASS = YES_ERROR;
				CLANG_WARN_SUSPICIOUS_MOVE = YES;
				CLANG_WARN_UNREACHABLE_CODE = YES;
				CLANG_WARN__DUPLICATE_METHOD_MATCH = YES;
				"CODE_SIGN_IDENTITY[sdk=iphoneos*]" = "iPhone Developer";
				COPY_PHASE_STRIP = NO;
				DEBUG_INFORMATION_FORMAT = "dwarf-with-dsym";
				ENABLE_NS_ASSERTIONS = NO;
				ENABLE_STRICT_OBJC_MSGSEND = YES;
				GCC_C_LANGUAGE_STANDARD = gnu99;
				GCC_NO_COMMON_BLOCKS = YES;
				GCC_WARN_64_TO_32_BIT_CONVERSION = YES;
				GCC_WARN_ABOUT_RETURN_TYPE = YES_ERROR;
				GCC_WARN_UNDECLARED_SELECTOR = YES;
				GCC_WARN_UNINITIALIZED_AUTOS = YES_AGGRESSIVE;
				GCC_WARN_UNUSED_FUNCTION = YES;
				GCC_WARN_UNUSED_VARIABLE = YES;
				IPHONEOS_DEPLOYMENT_TARGET = 10.3;
				MTL_ENABLE_DEBUG_INFO = NO;
				SDKROOT = iphoneos;
				SWIFT_OPTIMIZATION_LEVEL = "-Owholemodule";
				TARGETED_DEVICE_FAMILY = "1,2";
				VALIDATE_PRODUCT = YES;
			};
			name = Release;
		};
		157F5E5B1F7C391400A68C48 /* Debug */ = {
			isa = XCBuildConfiguration;
			buildSettings = {
				ASSETCATALOG_COMPILER_APPICON_NAME = AppIcon;
				DEVELOPMENT_TEAM = AUFQ3J8C8H;
				INFOPLIST_FILE = BasketEvaluator/Info.plist;
				LD_RUNPATH_SEARCH_PATHS = "$(inherited) @executable_path/Frameworks";
				PRODUCT_BUNDLE_IDENTIFIER = com.michelangelo.BasketEvaluator;
				PRODUCT_NAME = "$(TARGET_NAME)";
				SWIFT_VERSION = 3.0;
			};
			name = Debug;
		};
		157F5E5C1F7C391400A68C48 /* Release */ = {
			isa = XCBuildConfiguration;
			buildSettings = {
				ASSETCATALOG_COMPILER_APPICON_NAME = AppIcon;
				DEVELOPMENT_TEAM = AUFQ3J8C8H;
				INFOPLIST_FILE = BasketEvaluator/Info.plist;
				LD_RUNPATH_SEARCH_PATHS = "$(inherited) @executable_path/Frameworks";
				PRODUCT_BUNDLE_IDENTIFIER = com.michelangelo.BasketEvaluator;
				PRODUCT_NAME = "$(TARGET_NAME)";
				SWIFT_VERSION = 3.0;
			};
			name = Release;
		};
		157F5E5E1F7C391400A68C48 /* Debug */ = {
			isa = XCBuildConfiguration;
			buildSettings = {
				ALWAYS_EMBED_SWIFT_STANDARD_LIBRARIES = YES;
				BUNDLE_LOADER = "$(TEST_HOST)";
				DEVELOPMENT_TEAM = AUFQ3J8C8H;
				INFOPLIST_FILE = BasketEvaluatorTests/Info.plist;
				LD_RUNPATH_SEARCH_PATHS = "$(inherited) @executable_path/Frameworks @loader_path/Frameworks";
				PRODUCT_BUNDLE_IDENTIFIER = com.michelangelo.BasketEvaluatorTests;
				PRODUCT_NAME = "$(TARGET_NAME)";
				SWIFT_VERSION = 3.0;
				TEST_HOST = "$(BUILT_PRODUCTS_DIR)/BasketEvaluator.app/BasketEvaluator";
			};
			name = Debug;
		};
		157F5E5F1F7C391400A68C48 /* Release */ = {
			isa = XCBuildConfiguration;
			buildSettings = {
				ALWAYS_EMBED_SWIFT_STANDARD_LIBRARIES = YES;
				BUNDLE_LOADER = "$(TEST_HOST)";
				DEVELOPMENT_TEAM = AUFQ3J8C8H;
				INFOPLIST_FILE = BasketEvaluatorTests/Info.plist;
				LD_RUNPATH_SEARCH_PATHS = "$(inherited) @executable_path/Frameworks @loader_path/Frameworks";
				PRODUCT_BUNDLE_IDENTIFIER = com.michelangelo.BasketEvaluatorTests;
				PRODUCT_NAME = "$(TARGET_NAME)";
				SWIFT_VERSION = 3.0;
				TEST_HOST = "$(BUILT_PRODUCTS_DIR)/BasketEvaluator.app/BasketEvaluator";
			};
			name = Release;
		};
		157F5E611F7C391400A68C48 /* Debug */ = {
			isa = XCBuildConfiguration;
			buildSettings = {
				ALWAYS_EMBED_SWIFT_STANDARD_LIBRARIES = YES;
				DEVELOPMENT_TEAM = AUFQ3J8C8H;
				INFOPLIST_FILE = BasketEvaluatorUITests/Info.plist;
				LD_RUNPATH_SEARCH_PATHS = "$(inherited) @executable_path/Frameworks @loader_path/Frameworks";
				PRODUCT_BUNDLE_IDENTIFIER = com.michelangelo.BasketEvaluatorUITests;
				PRODUCT_NAME = "$(TARGET_NAME)";
				SWIFT_VERSION = 3.0;
				TEST_TARGET_NAME = BasketEvaluator;
			};
			name = Debug;
		};
		157F5E621F7C391400A68C48 /* Release */ = {
			isa = XCBuildConfiguration;
			buildSettings = {
				ALWAYS_EMBED_SWIFT_STANDARD_LIBRARIES = YES;
				DEVELOPMENT_TEAM = AUFQ3J8C8H;
				INFOPLIST_FILE = BasketEvaluatorUITests/Info.plist;
				LD_RUNPATH_SEARCH_PATHS = "$(inherited) @executable_path/Frameworks @loader_path/Frameworks";
				PRODUCT_BUNDLE_IDENTIFIER = com.michelangelo.BasketEvaluatorUITests;
				PRODUCT_NAME = "$(TARGET_NAME)";
				SWIFT_VERSION = 3.0;
				TEST_TARGET_NAME = BasketEvaluator;
			};
			name = Release;
		};
/* End XCBuildConfiguration section */

/* Begin XCConfigurationList section */
		157F5E2D1F7C391300A68C48 /* Build configuration list for PBXProject "BasketEvaluator" */ = {
			isa = XCConfigurationList;
			buildConfigurations = (
				157F5E581F7C391400A68C48 /* Debug */,
				157F5E591F7C391400A68C48 /* Release */,
			);
			defaultConfigurationIsVisible = 0;
			defaultConfigurationName = Release;
		};
		157F5E5A1F7C391400A68C48 /* Build configuration list for PBXNativeTarget "BasketEvaluator" */ = {
			isa = XCConfigurationList;
			buildConfigurations = (
				157F5E5B1F7C391400A68C48 /* Debug */,
				157F5E5C1F7C391400A68C48 /* Release */,
			);
			defaultConfigurationIsVisible = 0;
			defaultConfigurationName = Release;
		};
		157F5E5D1F7C391400A68C48 /* Build configuration list for PBXNativeTarget "BasketEvaluatorTests" */ = {
			isa = XCConfigurationList;
			buildConfigurations = (
				157F5E5E1F7C391400A68C48 /* Debug */,
				157F5E5F1F7C391400A68C48 /* Release */,
			);
			defaultConfigurationIsVisible = 0;
			defaultConfigurationName = Release;
		};
		157F5E601F7C391400A68C48 /* Build configuration list for PBXNativeTarget "BasketEvaluatorUITests" */ = {
			isa = XCConfigurationList;
			buildConfigurations = (
				157F5E611F7C391400A68C48 /* Debug */,
				157F5E621F7C391400A68C48 /* Release */,
			);
			defaultConfigurationIsVisible = 0;
			defaultConfigurationName = Release;
		};
/* End XCConfigurationList section */
	};
	rootObject = 157F5E2A1F7C391300A68C48 /* Project object */;
}
